// !$*UTF8*$!
{
	archiveVersion = 1;
	classes = {
	};
	objectVersion = 50;
	objects = {

/* Begin PBXBuildFile section */
		15D2CCAF1B964BC0649309C2 /* Pods_hackpoint.framework in Frameworks */ = {isa = PBXBuildFile; fileRef = BF1A51698CB6A2C63A5E5CE1 /* Pods_hackpoint.framework */; };
		EC19A500206843C0006FEE44 /* AppDelegate.swift in Sources */ = {isa = PBXBuildFile; fileRef = EC19A4FF206843C0006FEE44 /* AppDelegate.swift */; };
		EC19A502206843C0006FEE44 /* FeedVC.swift in Sources */ = {isa = PBXBuildFile; fileRef = EC19A501206843C0006FEE44 /* FeedVC.swift */; };
		EC19A504206843C0006FEE44 /* GroupsVC.swift in Sources */ = {isa = PBXBuildFile; fileRef = EC19A503206843C0006FEE44 /* GroupsVC.swift */; };
		EC19A507206843C0006FEE44 /* Main.storyboard in Resources */ = {isa = PBXBuildFile; fileRef = EC19A505206843C0006FEE44 /* Main.storyboard */; };
		EC19A509206843C2006FEE44 /* Assets.xcassets in Resources */ = {isa = PBXBuildFile; fileRef = EC19A508206843C2006FEE44 /* Assets.xcassets */; };
		EC19A50C206843C2006FEE44 /* LaunchScreen.storyboard in Resources */ = {isa = PBXBuildFile; fileRef = EC19A50A206843C2006FEE44 /* LaunchScreen.storyboard */; };
		EC19A51820684619006FEE44 /* GoogleService-Info.plist in Resources */ = {isa = PBXBuildFile; fileRef = EC19A51720684619006FEE44 /* GoogleService-Info.plist */; };
		EC7B6049206973F8003F1DA9 /* AuthVC.swift in Sources */ = {isa = PBXBuildFile; fileRef = EC7B6048206973F8003F1DA9 /* AuthVC.swift */; };
		EC7B604B20697429003F1DA9 /* LoginVC.swift in Sources */ = {isa = PBXBuildFile; fileRef = EC7B604A20697429003F1DA9 /* LoginVC.swift */; };
		EC7B604D2069747F003F1DA9 /* InsetTextField.swift in Sources */ = {isa = PBXBuildFile; fileRef = EC7B604C2069747F003F1DA9 /* InsetTextField.swift */; };
		EC7B604F2069784A003F1DA9 /* ShadowView.swift in Sources */ = {isa = PBXBuildFile; fileRef = EC7B604E2069784A003F1DA9 /* ShadowView.swift */; };
		ECA49638206AF2BB002B8227 /* AuthService.swift in Sources */ = {isa = PBXBuildFile; fileRef = ECA49637206AF2BB002B8227 /* AuthService.swift */; };
		ECD8C8CF20684A0F00C30BA8 /* DataService.swift in Sources */ = {isa = PBXBuildFile; fileRef = ECD8C8CE20684A0F00C30BA8 /* DataService.swift */; };
/* End PBXBuildFile section */

/* Begin PBXFileReference section */
		0C5D4EC8F965EB9BB521A306 /* Pods-hackpoint.debug.xcconfig */ = {isa = PBXFileReference; includeInIndex = 1; lastKnownFileType = text.xcconfig; name = "Pods-hackpoint.debug.xcconfig"; path = "Pods/Target Support Files/Pods-hackpoint/Pods-hackpoint.debug.xcconfig"; sourceTree = "<group>"; };
		B815E7E9E81B10370A8E0647 /* Pods-hackpoint.release.xcconfig */ = {isa = PBXFileReference; includeInIndex = 1; lastKnownFileType = text.xcconfig; name = "Pods-hackpoint.release.xcconfig"; path = "Pods/Target Support Files/Pods-hackpoint/Pods-hackpoint.release.xcconfig"; sourceTree = "<group>"; };
		BF1A51698CB6A2C63A5E5CE1 /* Pods_hackpoint.framework */ = {isa = PBXFileReference; explicitFileType = wrapper.framework; includeInIndex = 0; path = Pods_hackpoint.framework; sourceTree = BUILT_PRODUCTS_DIR; };
		EC19A4FC206843C0006FEE44 /* hackpoint.app */ = {isa = PBXFileReference; explicitFileType = wrapper.application; includeInIndex = 0; path = hackpoint.app; sourceTree = BUILT_PRODUCTS_DIR; };
		EC19A4FF206843C0006FEE44 /* AppDelegate.swift */ = {isa = PBXFileReference; lastKnownFileType = sourcecode.swift; path = AppDelegate.swift; sourceTree = "<group>"; };
		EC19A501206843C0006FEE44 /* FeedVC.swift */ = {isa = PBXFileReference; lastKnownFileType = sourcecode.swift; path = FeedVC.swift; sourceTree = "<group>"; };
		EC19A503206843C0006FEE44 /* GroupsVC.swift */ = {isa = PBXFileReference; lastKnownFileType = sourcecode.swift; path = GroupsVC.swift; sourceTree = "<group>"; };
		EC19A506206843C0006FEE44 /* Base */ = {isa = PBXFileReference; lastKnownFileType = file.storyboard; name = Base; path = Base.lproj/Main.storyboard; sourceTree = "<group>"; };
		EC19A508206843C2006FEE44 /* Assets.xcassets */ = {isa = PBXFileReference; lastKnownFileType = folder.assetcatalog; path = Assets.xcassets; sourceTree = "<group>"; };
		EC19A50B206843C2006FEE44 /* Base */ = {isa = PBXFileReference; lastKnownFileType = file.storyboard; name = Base; path = Base.lproj/LaunchScreen.storyboard; sourceTree = "<group>"; };
		EC19A50D206843C2006FEE44 /* Info.plist */ = {isa = PBXFileReference; lastKnownFileType = text.plist.xml; path = Info.plist; sourceTree = "<group>"; };
		EC19A51720684619006FEE44 /* GoogleService-Info.plist */ = {isa = PBXFileReference; fileEncoding = 4; lastKnownFileType = text.plist.xml; path = "GoogleService-Info.plist"; sourceTree = "<group>"; };
		EC7B6048206973F8003F1DA9 /* AuthVC.swift */ = {isa = PBXFileReference; lastKnownFileType = sourcecode.swift; path = AuthVC.swift; sourceTree = "<group>"; };
		EC7B604A20697429003F1DA9 /* LoginVC.swift */ = {isa = PBXFileReference; lastKnownFileType = sourcecode.swift; path = LoginVC.swift; sourceTree = "<group>"; };
		EC7B604C2069747F003F1DA9 /* InsetTextField.swift */ = {isa = PBXFileReference; lastKnownFileType = sourcecode.swift; path = InsetTextField.swift; sourceTree = "<group>"; };
		EC7B604E2069784A003F1DA9 /* ShadowView.swift */ = {isa = PBXFileReference; lastKnownFileType = sourcecode.swift; path = ShadowView.swift; sourceTree = "<group>"; };
		ECA49637206AF2BB002B8227 /* AuthService.swift */ = {isa = PBXFileReference; lastKnownFileType = sourcecode.swift; path = AuthService.swift; sourceTree = "<group>"; };
		ECD8C8CE20684A0F00C30BA8 /* DataService.swift */ = {isa = PBXFileReference; lastKnownFileType = sourcecode.swift; path = DataService.swift; sourceTree = "<group>"; };
/* End PBXFileReference section */

/* Begin PBXFrameworksBuildPhase section */
		EC19A4F9206843C0006FEE44 /* Frameworks */ = {
			isa = PBXFrameworksBuildPhase;
			buildActionMask = 2147483647;
			files = (
				15D2CCAF1B964BC0649309C2 /* Pods_hackpoint.framework in Frameworks */,
			);
			runOnlyForDeploymentPostprocessing = 0;
		};
/* End PBXFrameworksBuildPhase section */

/* Begin PBXGroup section */
		1393059FD2B78E0F7AADE901 /* Pods */ = {
			isa = PBXGroup;
			children = (
				0C5D4EC8F965EB9BB521A306 /* Pods-hackpoint.debug.xcconfig */,
				B815E7E9E81B10370A8E0647 /* Pods-hackpoint.release.xcconfig */,
			);
			name = Pods;
			sourceTree = "<group>";
		};
		7963461766CBA0AEFDCC636B /* Frameworks */ = {
			isa = PBXGroup;
			children = (
				BF1A51698CB6A2C63A5E5CE1 /* Pods_hackpoint.framework */,
			);
			name = Frameworks;
			sourceTree = "<group>";
		};
		EC19A4F3206843C0006FEE44 = {
			isa = PBXGroup;
			children = (
				EC19A4FE206843C0006FEE44 /* hackpoint */,
				EC19A4FD206843C0006FEE44 /* Products */,
				1393059FD2B78E0F7AADE901 /* Pods */,
				7963461766CBA0AEFDCC636B /* Frameworks */,
			);
			sourceTree = "<group>";
		};
		EC19A4FD206843C0006FEE44 /* Products */ = {
			isa = PBXGroup;
			children = (
				EC19A4FC206843C0006FEE44 /* hackpoint.app */,
			);
			name = Products;
			sourceTree = "<group>";
		};
		EC19A4FE206843C0006FEE44 /* hackpoint */ = {
			isa = PBXGroup;
			children = (
				ECD8C8CD206849FE00C30BA8 /* Services */,
				EC19A5162068444A006FEE44 /* Extensions */,
				EC19A51520684431006FEE44 /* Model */,
				EC19A5142068442C006FEE44 /* View */,
				EC19A5132068440F006FEE44 /* Controller */,
				EC19A4FF206843C0006FEE44 /* AppDelegate.swift */,
				EC19A505206843C0006FEE44 /* Main.storyboard */,
				EC19A508206843C2006FEE44 /* Assets.xcassets */,
				EC19A50A206843C2006FEE44 /* LaunchScreen.storyboard */,
				EC19A50D206843C2006FEE44 /* Info.plist */,
				EC19A51720684619006FEE44 /* GoogleService-Info.plist */,
			);
			path = hackpoint;
			sourceTree = "<group>";
		};
		EC19A5132068440F006FEE44 /* Controller */ = {
			isa = PBXGroup;
			children = (
				EC19A501206843C0006FEE44 /* FeedVC.swift */,
				EC19A503206843C0006FEE44 /* GroupsVC.swift */,
				EC7B6048206973F8003F1DA9 /* AuthVC.swift */,
				EC7B604A20697429003F1DA9 /* LoginVC.swift */,
			);
			path = Controller;
			sourceTree = "<group>";
		};
		EC19A5142068442C006FEE44 /* View */ = {
			isa = PBXGroup;
			children = (
				EC7B604C2069747F003F1DA9 /* InsetTextField.swift */,
				EC7B604E2069784A003F1DA9 /* ShadowView.swift */,
			);
			path = View;
			sourceTree = "<group>";
		};
		EC19A51520684431006FEE44 /* Model */ = {
			isa = PBXGroup;
			children = (
			);
			path = Model;
			sourceTree = "<group>";
		};
		EC19A5162068444A006FEE44 /* Extensions */ = {
			isa = PBXGroup;
			children = (
			);
			path = Extensions;
			sourceTree = "<group>";
		};
		ECD8C8CD206849FE00C30BA8 /* Services */ = {
			isa = PBXGroup;
			children = (
				ECD8C8CE20684A0F00C30BA8 /* DataService.swift */,
				ECA49637206AF2BB002B8227 /* AuthService.swift */,
			);
			path = Services;
			sourceTree = "<group>";
		};
/* End PBXGroup section */

/* Begin PBXNativeTarget section */
		EC19A4FB206843C0006FEE44 /* hackpoint */ = {
			isa = PBXNativeTarget;
			buildConfigurationList = EC19A510206843C2006FEE44 /* Build configuration list for PBXNativeTarget "hackpoint" */;
			buildPhases = (
				1C9EBB658A8D328B3CB55ECB /* [CP] Check Pods Manifest.lock */,
				EC19A4F8206843C0006FEE44 /* Sources */,
				EC19A4F9206843C0006FEE44 /* Frameworks */,
				EC19A4FA206843C0006FEE44 /* Resources */,
				1E6BDAC49F191E95429680B9 /* [CP] Embed Pods Frameworks */,
				EEF7B2C7748B006D330105FA /* [CP] Copy Pods Resources */,
			);
			buildRules = (
			);
			dependencies = (
			);
			name = hackpoint;
			productName = hackpoint;
			productReference = EC19A4FC206843C0006FEE44 /* hackpoint.app */;
			productType = "com.apple.product-type.application";
		};
/* End PBXNativeTarget section */

/* Begin PBXProject section */
		EC19A4F4206843C0006FEE44 /* Project object */ = {
			isa = PBXProject;
			attributes = {
				LastSwiftUpdateCheck = 0930;
				LastUpgradeCheck = 0930;
				ORGANIZATIONNAME = "Alex Azarov";
				TargetAttributes = {
					EC19A4FB206843C0006FEE44 = {
						CreatedOnToolsVersion = 9.3;
					};
				};
			};
			buildConfigurationList = EC19A4F7206843C0006FEE44 /* Build configuration list for PBXProject "hackpoint" */;
			compatibilityVersion = "Xcode 9.3";
			developmentRegion = en;
			hasScannedForEncodings = 0;
			knownRegions = (
				en,
				Base,
			);
			mainGroup = EC19A4F3206843C0006FEE44;
			productRefGroup = EC19A4FD206843C0006FEE44 /* Products */;
			projectDirPath = "";
			projectRoot = "";
			targets = (
				EC19A4FB206843C0006FEE44 /* hackpoint */,
			);
		};
/* End PBXProject section */

/* Begin PBXResourcesBuildPhase section */
		EC19A4FA206843C0006FEE44 /* Resources */ = {
			isa = PBXResourcesBuildPhase;
			buildActionMask = 2147483647;
			files = (
				EC19A50C206843C2006FEE44 /* LaunchScreen.storyboard in Resources */,
				EC19A51820684619006FEE44 /* GoogleService-Info.plist in Resources */,
				EC19A509206843C2006FEE44 /* Assets.xcassets in Resources */,
				EC19A507206843C0006FEE44 /* Main.storyboard in Resources */,
			);
			runOnlyForDeploymentPostprocessing = 0;
		};
/* End PBXResourcesBuildPhase section */

/* Begin PBXShellScriptBuildPhase section */
		1C9EBB658A8D328B3CB55ECB /* [CP] Check Pods Manifest.lock */ = {
			isa = PBXShellScriptBuildPhase;
			buildActionMask = 2147483647;
			files = (
			);
			inputPaths = (
				"${PODS_PODFILE_DIR_PATH}/Podfile.lock",
				"${PODS_ROOT}/Manifest.lock",
			);
			name = "[CP] Check Pods Manifest.lock";
			outputPaths = (
				"$(DERIVED_FILE_DIR)/Pods-hackpoint-checkManifestLockResult.txt",
			);
			runOnlyForDeploymentPostprocessing = 0;
			shellPath = /bin/sh;
			shellScript = "diff \"${PODS_PODFILE_DIR_PATH}/Podfile.lock\" \"${PODS_ROOT}/Manifest.lock\" > /dev/null\nif [ $? != 0 ] ; then\n    # print error to STDERR\n    echo \"error: The sandbox is not in sync with the Podfile.lock. Run 'pod install' or update your CocoaPods installation.\" >&2\n    exit 1\nfi\n# This output is used by Xcode 'outputs' to avoid re-running this script phase.\necho \"SUCCESS\" > \"${SCRIPT_OUTPUT_FILE_0}\"\n";
			showEnvVarsInLog = 0;
		};
		1E6BDAC49F191E95429680B9 /* [CP] Embed Pods Frameworks */ = {
			isa = PBXShellScriptBuildPhase;
			buildActionMask = 2147483647;
			files = (
			);
			inputPaths = (
				"${SRCROOT}/Pods/Target Support Files/Pods-hackpoint/Pods-hackpoint-frameworks.sh",
				"${BUILT_PRODUCTS_DIR}/GTMSessionFetcher/GTMSessionFetcher.framework",
				"${BUILT_PRODUCTS_DIR}/GoogleToolboxForMac/GoogleToolboxForMac.framework",
				"${BUILT_PRODUCTS_DIR}/leveldb-library/leveldb.framework",
				"${BUILT_PRODUCTS_DIR}/nanopb/nanopb.framework",
			);
			name = "[CP] Embed Pods Frameworks";
			outputPaths = (
				"${TARGET_BUILD_DIR}/${FRAMEWORKS_FOLDER_PATH}/GTMSessionFetcher.framework",
				"${TARGET_BUILD_DIR}/${FRAMEWORKS_FOLDER_PATH}/GoogleToolboxForMac.framework",
				"${TARGET_BUILD_DIR}/${FRAMEWORKS_FOLDER_PATH}/leveldb.framework",
				"${TARGET_BUILD_DIR}/${FRAMEWORKS_FOLDER_PATH}/nanopb.framework",
			);
			runOnlyForDeploymentPostprocessing = 0;
			shellPath = /bin/sh;
			shellScript = "\"${SRCROOT}/Pods/Target Support Files/Pods-hackpoint/Pods-hackpoint-frameworks.sh\"\n";
			showEnvVarsInLog = 0;
		};
		EEF7B2C7748B006D330105FA /* [CP] Copy Pods Resources */ = {
			isa = PBXShellScriptBuildPhase;
			buildActionMask = 2147483647;
			files = (
			);
			inputPaths = (
			);
			name = "[CP] Copy Pods Resources";
			outputPaths = (
			);
			runOnlyForDeploymentPostprocessing = 0;
			shellPath = /bin/sh;
			shellScript = "\"${SRCROOT}/Pods/Target Support Files/Pods-hackpoint/Pods-hackpoint-resources.sh\"\n";
			showEnvVarsInLog = 0;
		};
/* End PBXShellScriptBuildPhase section */

/* Begin PBXSourcesBuildPhase section */
		EC19A4F8206843C0006FEE44 /* Sources */ = {
			isa = PBXSourcesBuildPhase;
			buildActionMask = 2147483647;
			files = (
				EC7B6049206973F8003F1DA9 /* AuthVC.swift in Sources */,
				EC19A504206843C0006FEE44 /* GroupsVC.swift in Sources */,
				EC7B604B20697429003F1DA9 /* LoginVC.swift in Sources */,
				ECA49638206AF2BB002B8227 /* AuthService.swift in Sources */,
				EC19A500206843C0006FEE44 /* AppDelegate.swift in Sources */,
				EC7B604F2069784A003F1DA9 /* ShadowView.swift in Sources */,
				EC19A502206843C0006FEE44 /* FeedVC.swift in Sources */,
				EC7B604D2069747F003F1DA9 /* InsetTextField.swift in Sources */,
				ECD8C8CF20684A0F00C30BA8 /* DataService.swift in Sources */,
			);
			runOnlyForDeploymentPostprocessing = 0;
		};
/* End PBXSourcesBuildPhase section */

/* Begin PBXVariantGroup section */
		EC19A505206843C0006FEE44 /* Main.storyboard */ = {
			isa = PBXVariantGroup;
			children = (
				EC19A506206843C0006FEE44 /* Base */,
			);
			name = Main.storyboard;
			sourceTree = "<group>";
		};
		EC19A50A206843C2006FEE44 /* LaunchScreen.storyboard */ = {
			isa = PBXVariantGroup;
			children = (
				EC19A50B206843C2006FEE44 /* Base */,
			);
			name = LaunchScreen.storyboard;
			sourceTree = "<group>";
		};
/* End PBXVariantGroup section */

/* Begin XCBuildConfiguration section */
		EC19A50E206843C2006FEE44 /* Debug */ = {
			isa = XCBuildConfiguration;
			buildSettings = {
				ALWAYS_SEARCH_USER_PATHS = NO;
				CLANG_ANALYZER_NONNULL = YES;
				CLANG_ANALYZER_NUMBER_OBJECT_CONVERSION = YES_AGGRESSIVE;
				CLANG_CXX_LANGUAGE_STANDARD = "gnu++14";
				CLANG_CXX_LIBRARY = "libc++";
				CLANG_ENABLE_MODULES = YES;
				CLANG_ENABLE_OBJC_ARC = YES;
				CLANG_ENABLE_OBJC_WEAK = YES;
				CLANG_WARN_BLOCK_CAPTURE_AUTORELEASING = YES;
				CLANG_WARN_BOOL_CONVERSION = YES;
				CLANG_WARN_COMMA = YES;
				CLANG_WARN_CONSTANT_CONVERSION = YES;
				CLANG_WARN_DEPRECATED_OBJC_IMPLEMENTATIONS = YES;
				CLANG_WARN_DIRECT_OBJC_ISA_USAGE = YES_ERROR;
				CLANG_WARN_DOCUMENTATION_COMMENTS = YES;
				CLANG_WARN_EMPTY_BODY = YES;
				CLANG_WARN_ENUM_CONVERSION = YES;
				CLANG_WARN_INFINITE_RECURSION = YES;
				CLANG_WARN_INT_CONVERSION = YES;
				CLANG_WARN_NON_LITERAL_NULL_CONVERSION = YES;
				CLANG_WARN_OBJC_IMPLICIT_RETAIN_SELF = YES;
				CLANG_WARN_OBJC_LITERAL_CONVERSION = YES;
				CLANG_WARN_OBJC_ROOT_CLASS = YES_ERROR;
				CLANG_WARN_RANGE_LOOP_ANALYSIS = YES;
				CLANG_WARN_STRICT_PROTOTYPES = YES;
				CLANG_WARN_SUSPICIOUS_MOVE = YES;
				CLANG_WARN_UNGUARDED_AVAILABILITY = YES_AGGRESSIVE;
				CLANG_WARN_UNREACHABLE_CODE = YES;
				CLANG_WARN__DUPLICATE_METHOD_MATCH = YES;
				CODE_SIGN_IDENTITY = "iPhone Developer";
				COPY_PHASE_STRIP = NO;
				DEBUG_INFORMATION_FORMAT = dwarf;
				ENABLE_STRICT_OBJC_MSGSEND = YES;
				ENABLE_TESTABILITY = YES;
				GCC_C_LANGUAGE_STANDARD = gnu11;
				GCC_DYNAMIC_NO_PIC = NO;
				GCC_NO_COMMON_BLOCKS = YES;
				GCC_OPTIMIZATION_LEVEL = 0;
				GCC_PREPROCESSOR_DEFINITIONS = (
					"DEBUG=1",
					"$(inherited)",
				);
				GCC_WARN_64_TO_32_BIT_CONVERSION = YES;
				GCC_WARN_ABOUT_RETURN_TYPE = YES_ERROR;
				GCC_WARN_UNDECLARED_SELECTOR = YES;
				GCC_WARN_UNINITIALIZED_AUTOS = YES_AGGRESSIVE;
				GCC_WARN_UNUSED_FUNCTION = YES;
				GCC_WARN_UNUSED_VARIABLE = YES;
				IPHONEOS_DEPLOYMENT_TARGET = 11.3;
				MTL_ENABLE_DEBUG_INFO = YES;
				ONLY_ACTIVE_ARCH = YES;
				SDKROOT = iphoneos;
				SWIFT_ACTIVE_COMPILATION_CONDITIONS = DEBUG;
				SWIFT_OPTIMIZATION_LEVEL = "-Onone";
			};
			name = Debug;
		};
		EC19A50F206843C2006FEE44 /* Release */ = {
			isa = XCBuildConfiguration;
			buildSettings = {
				ALWAYS_SEARCH_USER_PATHS = NO;
				CLANG_ANALYZER_NONNULL = YES;
				CLANG_ANALYZER_NUMBER_OBJECT_CONVERSION = YES_AGGRESSIVE;
				CLANG_CXX_LANGUAGE_STANDARD = "gnu++14";
				CLANG_CXX_LIBRARY = "libc++";
				CLANG_ENABLE_MODULES = YES;
				CLANG_ENABLE_OBJC_ARC = YES;
				CLANG_ENABLE_OBJC_WEAK = YES;
				CLANG_WARN_BLOCK_CAPTURE_AUTORELEASING = YES;
				CLANG_WARN_BOOL_CONVERSION = YES;
				CLANG_WARN_COMMA = YES;
				CLANG_WARN_CONSTANT_CONVERSION = YES;
				CLANG_WARN_DEPRECATED_OBJC_IMPLEMENTATIONS = YES;
				CLANG_WARN_DIRECT_OBJC_ISA_USAGE = YES_ERROR;
				CLANG_WARN_DOCUMENTATION_COMMENTS = YES;
				CLANG_WARN_EMPTY_BODY = YES;
				CLANG_WARN_ENUM_CONVERSION = YES;
				CLANG_WARN_INFINITE_RECURSION = YES;
				CLANG_WARN_INT_CONVERSION = YES;
				CLANG_WARN_NON_LITERAL_NULL_CONVERSION = YES;
				CLANG_WARN_OBJC_IMPLICIT_RETAIN_SELF = YES;
				CLANG_WARN_OBJC_LITERAL_CONVERSION = YES;
				CLANG_WARN_OBJC_ROOT_CLASS = YES_ERROR;
				CLANG_WARN_RANGE_LOOP_ANALYSIS = YES;
				CLANG_WARN_STRICT_PROTOTYPES = YES;
				CLANG_WARN_SUSPICIOUS_MOVE = YES;
				CLANG_WARN_UNGUARDED_AVAILABILITY = YES_AGGRESSIVE;
				CLANG_WARN_UNREACHABLE_CODE = YES;
				CLANG_WARN__DUPLICATE_METHOD_MATCH = YES;
				CODE_SIGN_IDENTITY = "iPhone Developer";
				COPY_PHASE_STRIP = NO;
				DEBUG_INFORMATION_FORMAT = "dwarf-with-dsym";
				ENABLE_NS_ASSERTIONS = NO;
				ENABLE_STRICT_OBJC_MSGSEND = YES;
				GCC_C_LANGUAGE_STANDARD = gnu11;
				GCC_NO_COMMON_BLOCKS = YES;
				GCC_WARN_64_TO_32_BIT_CONVERSION = YES;
				GCC_WARN_ABOUT_RETURN_TYPE = YES_ERROR;
				GCC_WARN_UNDECLARED_SELECTOR = YES;
				GCC_WARN_UNINITIALIZED_AUTOS = YES_AGGRESSIVE;
				GCC_WARN_UNUSED_FUNCTION = YES;
				GCC_WARN_UNUSED_VARIABLE = YES;
				IPHONEOS_DEPLOYMENT_TARGET = 11.3;
				MTL_ENABLE_DEBUG_INFO = NO;
				SDKROOT = iphoneos;
				SWIFT_COMPILATION_MODE = wholemodule;
				SWIFT_OPTIMIZATION_LEVEL = "-O";
				VALIDATE_PRODUCT = YES;
			};
			name = Release;
		};
		EC19A511206843C2006FEE44 /* Debug */ = {
			isa = XCBuildConfiguration;
			baseConfigurationReference = 0C5D4EC8F965EB9BB521A306 /* Pods-hackpoint.debug.xcconfig */;
			buildSettings = {
				ASSETCATALOG_COMPILER_APPICON_NAME = AppIcon;
				CODE_SIGN_STYLE = Automatic;
				DEVELOPMENT_TEAM = CLALR9F4Q5;
				INFOPLIST_FILE = hackpoint/Info.plist;
				LD_RUNPATH_SEARCH_PATHS = (
					"$(inherited)",
					"@executable_path/Frameworks",
				);
				PRODUCT_BUNDLE_IDENTIFIER = by.azarov.hackpoint;
				PRODUCT_NAME = "$(TARGET_NAME)";
				SWIFT_VERSION = 4.0;
				TARGETED_DEVICE_FAMILY = "1,2";
			};
			name = Debug;
		};
		EC19A512206843C2006FEE44 /* Release */ = {
			isa = XCBuildConfiguration;
			baseConfigurationReference = B815E7E9E81B10370A8E0647 /* Pods-hackpoint.release.xcconfig */;
			buildSettings = {
				ASSETCATALOG_COMPILER_APPICON_NAME = AppIcon;
				CODE_SIGN_STYLE = Automatic;
				DEVELOPMENT_TEAM = CLALR9F4Q5;
				INFOPLIST_FILE = hackpoint/Info.plist;
				LD_RUNPATH_SEARCH_PATHS = (
					"$(inherited)",
					"@executable_path/Frameworks",
				);
				PRODUCT_BUNDLE_IDENTIFIER = by.azarov.hackpoint;
				PRODUCT_NAME = "$(TARGET_NAME)";
				SWIFT_VERSION = 4.0;
				TARGETED_DEVICE_FAMILY = "1,2";
			};
			name = Release;
		};
/* End XCBuildConfiguration section */

/* Begin XCConfigurationList section */
		EC19A4F7206843C0006FEE44 /* Build configuration list for PBXProject "hackpoint" */ = {
			isa = XCConfigurationList;
			buildConfigurations = (
				EC19A50E206843C2006FEE44 /* Debug */,
				EC19A50F206843C2006FEE44 /* Release */,
			);
			defaultConfigurationIsVisible = 0;
			defaultConfigurationName = Release;
		};
		EC19A510206843C2006FEE44 /* Build configuration list for PBXNativeTarget "hackpoint" */ = {
			isa = XCConfigurationList;
			buildConfigurations = (
				EC19A511206843C2006FEE44 /* Debug */,
				EC19A512206843C2006FEE44 /* Release */,
			);
			defaultConfigurationIsVisible = 0;
			defaultConfigurationName = Release;
		};
/* End XCConfigurationList section */
	};
	rootObject = EC19A4F4206843C0006FEE44 /* Project object */;
}
